
Microsoft Visual Studio Solution File, Format Version 12.00
# Visual Studio Version 17
VisualStudioVersion = 17.5.33516.290
MinimumVisualStudioVersion = 10.0.40219.1
Project("{00D1A9C2-B5F0-4AF3-8072-F6C62B433612}") = "SQL Fundamentals", "SQL Fundamentals.sqlproj", "{E9FD9211-EBF0-421C-A8CE-69248502AC05}"
EndProject
Project("{2150E333-8FDC-42A3-9474-1A3956D46DE8}") = "Solution Items", "Solution Items", "{430D9EC1-9ED3-4A75-B68C-28BAF5AFD8E1}"
	ProjectSection(SolutionItems) = preProject
		AddressTable.sql = AddressTable.sql
		CompanyTable.sql = CompanyTable.sql
		EmployeeInfoProcedure.sql = EmployeeInfoProcedure.sql
		EmployeeInfoView.sql = EmployeeInfoView.sql
		EmployeeTable.sql = EmployeeTable.sql
		InitialScript.sql = InitialScript.sql
		Script.postdeploy.sql = Script.postdeploy.sql
		PersonTable.sql = PersonTable.sql
		Trigger.sql = Trigger.sql
	EndProjectSection
EndProject
Global
	GlobalSection(SolutionConfigurationPlatforms) = preSolution
		Debug|Any CPU = Debug|Any CPU
		Release|Any CPU = Release|Any CPU
	EndGlobalSection
	GlobalSection(ProjectConfigurationPlatforms) = postSolution
		{E9FD9211-EBF0-421C-A8CE-69248502AC05}.Debug|Any CPU.ActiveCfg = Debug|Any CPU
		{E9FD9211-EBF0-421C-A8CE-69248502AC05}.Debug|Any CPU.Build.0 = Debug|Any CPU
		{E9FD9211-EBF0-421C-A8CE-69248502AC05}.Debug|Any CPU.Deploy.0 = Debug|Any CPU
		{E9FD9211-EBF0-421C-A8CE-69248502AC05}.Release|Any CPU.ActiveCfg = Release|Any CPU
		{E9FD9211-EBF0-421C-A8CE-69248502AC05}.Release|Any CPU.Build.0 = Release|Any CPU
		{E9FD9211-EBF0-421C-A8CE-69248502AC05}.Release|Any CPU.Deploy.0 = Release|Any CPU
	EndGlobalSection
	GlobalSection(SolutionProperties) = preSolution
		HideSolutionNode = FALSE
	EndGlobalSection
	GlobalSection(ExtensibilityGlobals) = postSolution
		SolutionGuid = {46570C86-AD91-48F5-A86D-9C50FE5F46BA}
	EndGlobalSection
EndGlobal
